
Microsoft Visual Studio Solution File, Format Version 12.00
# Visual Studio Version 17
VisualStudioVersion = 17.6.33723.286
MinimumVisualStudioVersion = 10.0.40219.1
Project("{FAE04EC0-301F-11D3-BF4B-00C04F79EFBC}") = "Music Game", "Music Game.csproj", "{9E3E8C99-0C0E-449D-B99E-8AE6C8E749CC}"
EndProject
Global
	GlobalSection(SolutionConfigurationPlatforms) = preSolution
		Debug|Any CPU = Debug|Any CPU
		Release|Any CPU = Release|Any CPU
	EndGlobalSection
	GlobalSection(ProjectConfigurationPlatforms) = postSolution
		{9E3E8C99-0C0E-449D-B99E-8AE6C8E749CC}.Debug|Any CPU.ActiveCfg = Debug|Any CPU
		{9E3E8C99-0C0E-449D-B99E-8AE6C8E749CC}.Debug|Any CPU.Build.0 = Debug|Any CPU
		{9E3E8C99-0C0E-449D-B99E-8AE6C8E749CC}.Release|Any CPU.ActiveCfg = Release|Any CPU
		{9E3E8C99-0C0E-449D-B99E-8AE6C8E749CC}.Release|Any CPU.Build.0 = Release|Any CPU
	EndGlobalSection
	GlobalSection(SolutionProperties) = preSolution
		HideSolutionNode = FALSE
	EndGlobalSection
	GlobalSection(ExtensibilityGlobals) = postSolution
		SolutionGuid = {A28C35EC-423A-4154-883D-3FE144E1A97D}
	EndGlobalSection
EndGlobal
